
Microsoft Visual Studio Solution File, Format Version 12.00
# Visual Studio Version 17
VisualStudioVersion = 17.6.33723.286
MinimumVisualStudioVersion = 10.0.40219.1
Project("{FAE04EC0-301F-11D3-BF4B-00C04F79EFBC}") = "Section15_Udemy", "Section15_Udemy\Section15_Udemy.csproj", "{CCFC213C-EC9D-482A-AF42-B3282F1BB2E0}"
EndProject
Global
	GlobalSection(SolutionConfigurationPlatforms) = preSolution
		Debug|Any CPU = Debug|Any CPU
		Release|Any CPU = Release|Any CPU
	EndGlobalSection
	GlobalSection(ProjectConfigurationPlatforms) = postSolution
		{CCFC213C-EC9D-482A-AF42-B3282F1BB2E0}.Debug|Any CPU.ActiveCfg = Debug|Any CPU
		{CCFC213C-EC9D-482A-AF42-B3282F1BB2E0}.Debug|Any CPU.Build.0 = Debug|Any CPU
		{CCFC213C-EC9D-482A-AF42-B3282F1BB2E0}.Release|Any CPU.ActiveCfg = Release|Any CPU
		{CCFC213C-EC9D-482A-AF42-B3282F1BB2E0}.Release|Any CPU.Build.0 = Release|Any CPU
	EndGlobalSection
	GlobalSection(SolutionProperties) = preSolution
		HideSolutionNode = FALSE
	EndGlobalSection
	GlobalSection(ExtensibilityGlobals) = postSolution
		SolutionGuid = {464D832A-BABD-4BB8-B9A7-F39FF9AEE34D}
	EndGlobalSection
EndGlobal
