
Microsoft Visual Studio Solution File, Format Version 12.00
# Visual Studio Version 17
VisualStudioVersion = 17.6.33723.286
MinimumVisualStudioVersion = 10.0.40219.1
Project("{FAE04EC0-301F-11D3-BF4B-00C04F79EFBC}") = "Counting", "Counting\Counting.csproj", "{41CC3F82-AB3F-4DAD-A5E7-21525EE7132A}"
EndProject
Global
	GlobalSection(SolutionConfigurationPlatforms) = preSolution
		Debug|Any CPU = Debug|Any CPU
		Release|Any CPU = Release|Any CPU
	EndGlobalSection
	GlobalSection(ProjectConfigurationPlatforms) = postSolution
		{41CC3F82-AB3F-4DAD-A5E7-21525EE7132A}.Debug|Any CPU.ActiveCfg = Debug|Any CPU
		{41CC3F82-AB3F-4DAD-A5E7-21525EE7132A}.Debug|Any CPU.Build.0 = Debug|Any CPU
		{41CC3F82-AB3F-4DAD-A5E7-21525EE7132A}.Release|Any CPU.ActiveCfg = Release|Any CPU
		{41CC3F82-AB3F-4DAD-A5E7-21525EE7132A}.Release|Any CPU.Build.0 = Release|Any CPU
	EndGlobalSection
	GlobalSection(SolutionProperties) = preSolution
		HideSolutionNode = FALSE
	EndGlobalSection
	GlobalSection(ExtensibilityGlobals) = postSolution
		SolutionGuid = {517BCF0B-7B08-4F33-A5EE-4D84FCCBF666}
	EndGlobalSection
EndGlobal
